
Microsoft Visual Studio Solution File, Format Version 12.00
# Visual Studio Version 17
VisualStudioVersion = 17.2.32630.192
MinimumVisualStudioVersion = 10.0.40219.1
Project("{9A19103F-16F7-4668-BE54-9A1E7A4F7556}") = "R5T.NG0022", "R5T.NG0022\R5T.NG0022.csproj", "{8F67E738-CCFF-460B-8C0A-6A523FB102D1}"
EndProject
Global
	GlobalSection(SolutionConfigurationPlatforms) = preSolution
		Debug|Any CPU = Debug|Any CPU
		Release|Any CPU = Release|Any CPU
	EndGlobalSection
	GlobalSection(ProjectConfigurationPlatforms) = postSolution
		{8F67E738-CCFF-460B-8C0A-6A523FB102D1}.Debug|Any CPU.ActiveCfg = Debug|Any CPU
		{8F67E738-CCFF-460B-8C0A-6A523FB102D1}.Debug|Any CPU.Build.0 = Debug|Any CPU
		{8F67E738-CCFF-460B-8C0A-6A523FB102D1}.Release|Any CPU.ActiveCfg = Release|Any CPU
		{8F67E738-CCFF-460B-8C0A-6A523FB102D1}.Release|Any CPU.Build.0 = Release|Any CPU
	EndGlobalSection
	GlobalSection(SolutionProperties) = preSolution
		HideSolutionNode = FALSE
	EndGlobalSection
	GlobalSection(ExtensibilityGlobals) = postSolution
		SolutionGuid = {47C9BB9B-F244-48E3-B6AD-100BBF5C4292}
	EndGlobalSection
EndGlobal
