
Microsoft Visual Studio Solution File, Format Version 12.00
# Visual Studio Version 17
VisualStudioVersion = 17.2.32630.192
MinimumVisualStudioVersion = 10.0.40219.1
Project("{9A19103F-16F7-4668-BE54-9A1E7A4F7556}") = "R5T.NG0022.Construction", "R5T.NG0022.Construction\R5T.NG0022.Construction.csproj", "{69011F16-6616-4953-AFDE-DE260DBB2AC8}"
EndProject
Project("{9A19103F-16F7-4668-BE54-9A1E7A4F7556}") = "R5T.NG0022", "R5T.NG0022\R5T.NG0022.csproj", "{5A1D0D12-0D31-4342-A7CB-E6B18768D674}"
EndProject
Global
	GlobalSection(SolutionConfigurationPlatforms) = preSolution
		Debug|Any CPU = Debug|Any CPU
		Release|Any CPU = Release|Any CPU
	EndGlobalSection
	GlobalSection(ProjectConfigurationPlatforms) = postSolution
		{69011F16-6616-4953-AFDE-DE260DBB2AC8}.Debug|Any CPU.ActiveCfg = Debug|Any CPU
		{69011F16-6616-4953-AFDE-DE260DBB2AC8}.Debug|Any CPU.Build.0 = Debug|Any CPU
		{69011F16-6616-4953-AFDE-DE260DBB2AC8}.Release|Any CPU.ActiveCfg = Release|Any CPU
		{69011F16-6616-4953-AFDE-DE260DBB2AC8}.Release|Any CPU.Build.0 = Release|Any CPU
		{5A1D0D12-0D31-4342-A7CB-E6B18768D674}.Debug|Any CPU.ActiveCfg = Debug|Any CPU
		{5A1D0D12-0D31-4342-A7CB-E6B18768D674}.Debug|Any CPU.Build.0 = Debug|Any CPU
		{5A1D0D12-0D31-4342-A7CB-E6B18768D674}.Release|Any CPU.ActiveCfg = Release|Any CPU
		{5A1D0D12-0D31-4342-A7CB-E6B18768D674}.Release|Any CPU.Build.0 = Release|Any CPU
	EndGlobalSection
	GlobalSection(SolutionProperties) = preSolution
		HideSolutionNode = FALSE
	EndGlobalSection
	GlobalSection(ExtensibilityGlobals) = postSolution
		SolutionGuid = {2BB30390-A56C-42D0-B00D-745649F24C22}
	EndGlobalSection
EndGlobal
